
Microsoft Visual Studio Solution File, Format Version 12.00
# Visual Studio 15
VisualStudioVersion = 15.0.28307.572
MinimumVisualStudioVersion = 10.0.40219.1
Project("{FAE04EC0-301F-11D3-BF4B-00C04F79EFBC}") = "Formulario", "Formulario\Formulario.csproj", "{20CF30C4-A686-4229-AE94-191CBDC1536F}"
EndProject
Project("{FAE04EC0-301F-11D3-BF4B-00C04F79EFBC}") = "Métodos", "Métodos\Métodos.csproj", "{44E45BB8-406D-4BA0-B279-EF56557060CB}"
EndProject
Global
	GlobalSection(SolutionConfigurationPlatforms) = preSolution
		Debug|Any CPU = Debug|Any CPU
		Release|Any CPU = Release|Any CPU
	EndGlobalSection
	GlobalSection(ProjectConfigurationPlatforms) = postSolution
		{20CF30C4-A686-4229-AE94-191CBDC1536F}.Debug|Any CPU.ActiveCfg = Debug|Any CPU
		{20CF30C4-A686-4229-AE94-191CBDC1536F}.Debug|Any CPU.Build.0 = Debug|Any CPU
		{20CF30C4-A686-4229-AE94-191CBDC1536F}.Release|Any CPU.ActiveCfg = Release|Any CPU
		{20CF30C4-A686-4229-AE94-191CBDC1536F}.Release|Any CPU.Build.0 = Release|Any CPU
		{44E45BB8-406D-4BA0-B279-EF56557060CB}.Debug|Any CPU.ActiveCfg = Debug|Any CPU
		{44E45BB8-406D-4BA0-B279-EF56557060CB}.Debug|Any CPU.Build.0 = Debug|Any CPU
		{44E45BB8-406D-4BA0-B279-EF56557060CB}.Release|Any CPU.ActiveCfg = Release|Any CPU
		{44E45BB8-406D-4BA0-B279-EF56557060CB}.Release|Any CPU.Build.0 = Release|Any CPU
	EndGlobalSection
	GlobalSection(SolutionProperties) = preSolution
		HideSolutionNode = FALSE
	EndGlobalSection
	GlobalSection(ExtensibilityGlobals) = postSolution
		SolutionGuid = {62064BE1-D3C5-4812-84BE-20AAFCC8A1F2}
	EndGlobalSection
EndGlobal
